
Microsoft Visual Studio Solution File, Format Version 12.00
# Visual Studio Version 17
VisualStudioVersion = 17.9.34723.18
MinimumVisualStudioVersion = 10.0.40219.1
Project("{FAE04EC0-301F-11D3-BF4B-00C04F79EFBC}") = "switch", "switch\switch.csproj", "{C96189B1-914E-43EC-8DDF-FD1B6DB374D4}"
EndProject
Global
	GlobalSection(SolutionConfigurationPlatforms) = preSolution
		Debug|Any CPU = Debug|Any CPU
		Release|Any CPU = Release|Any CPU
	EndGlobalSection
	GlobalSection(ProjectConfigurationPlatforms) = postSolution
		{C96189B1-914E-43EC-8DDF-FD1B6DB374D4}.Debug|Any CPU.ActiveCfg = Debug|Any CPU
		{C96189B1-914E-43EC-8DDF-FD1B6DB374D4}.Debug|Any CPU.Build.0 = Debug|Any CPU
		{C96189B1-914E-43EC-8DDF-FD1B6DB374D4}.Release|Any CPU.ActiveCfg = Release|Any CPU
		{C96189B1-914E-43EC-8DDF-FD1B6DB374D4}.Release|Any CPU.Build.0 = Release|Any CPU
	EndGlobalSection
	GlobalSection(SolutionProperties) = preSolution
		HideSolutionNode = FALSE
	EndGlobalSection
	GlobalSection(ExtensibilityGlobals) = postSolution
		SolutionGuid = {A761E55E-305C-4020-BBAA-A04A1FD3030A}
	EndGlobalSection
EndGlobal
